
Microsoft Visual Studio Solution File, Format Version 12.00
# Visual Studio Version 16
VisualStudioVersion = 16.0.31005.135
MinimumVisualStudioVersion = 10.0.40219.1
Project("{FAE04EC0-301F-11D3-BF4B-00C04F79EFBC}") = "CalradianPatrolsV2", "CalradianPatrolsProject\CalradianPatrolsV2.csproj", "{42BC0985-C0C0-46C8-BCA9-2D9ED20EAD41}"
EndProject
Global
	GlobalSection(SolutionConfigurationPlatforms) = preSolution
		Debug|Any CPU = Debug|Any CPU
		Debug|x64 = Debug|x64
		PATROL_TEST|Any CPU = PATROL_TEST|Any CPU
		PATROL_TEST|x64 = PATROL_TEST|x64
		Release|Any CPU = Release|Any CPU
		Release|x64 = Release|x64
	EndGlobalSection
	GlobalSection(ProjectConfigurationPlatforms) = postSolution
		{42BC0985-C0C0-46C8-BCA9-2D9ED20EAD41}.Debug|Any CPU.ActiveCfg = Debug|Any CPU
		{42BC0985-C0C0-46C8-BCA9-2D9ED20EAD41}.Debug|Any CPU.Build.0 = Debug|Any CPU
		{42BC0985-C0C0-46C8-BCA9-2D9ED20EAD41}.Debug|x64.ActiveCfg = Debug|x64
		{42BC0985-C0C0-46C8-BCA9-2D9ED20EAD41}.Debug|x64.Build.0 = Debug|x64
		{42BC0985-C0C0-46C8-BCA9-2D9ED20EAD41}.PATROL_TEST|Any CPU.ActiveCfg = Debug|Any CPU
		{42BC0985-C0C0-46C8-BCA9-2D9ED20EAD41}.PATROL_TEST|Any CPU.Build.0 = Debug|Any CPU
		{42BC0985-C0C0-46C8-BCA9-2D9ED20EAD41}.PATROL_TEST|x64.ActiveCfg = PATROL_TEST|x64
		{42BC0985-C0C0-46C8-BCA9-2D9ED20EAD41}.PATROL_TEST|x64.Build.0 = PATROL_TEST|x64
		{42BC0985-C0C0-46C8-BCA9-2D9ED20EAD41}.Release|Any CPU.ActiveCfg = Release|Any CPU
		{42BC0985-C0C0-46C8-BCA9-2D9ED20EAD41}.Release|Any CPU.Build.0 = Release|Any CPU
		{42BC0985-C0C0-46C8-BCA9-2D9ED20EAD41}.Release|x64.ActiveCfg = Release|x64
		{42BC0985-C0C0-46C8-BCA9-2D9ED20EAD41}.Release|x64.Build.0 = Release|x64
	EndGlobalSection
	GlobalSection(SolutionProperties) = preSolution
		HideSolutionNode = FALSE
	EndGlobalSection
	GlobalSection(ExtensibilityGlobals) = postSolution
		SolutionGuid = {D4FC471F-DC6F-4D43-885B-8D4164BDBFA8}
	EndGlobalSection
EndGlobal
